
Microsoft Visual Studio Solution File, Format Version 12.00
Project("{FAE04EC0-301F-11D3-BF4B-00C04F79EFBC}") = "Vehicles.Common", "Vehicles.Common\Vehicles.Common.csproj", "{315F97D8-41B5-4D65-8EFA-FD2246117B15}"
EndProject
Project("{FAE04EC0-301F-11D3-BF4B-00C04F79EFBC}") = "Vehicles.Console", "Vehicles.Console\Vehicles.Console.csproj", "{E5BB1879-E2CC-4D7C-8A5F-2445B052F8C3}"
EndProject
Global
	GlobalSection(SolutionConfigurationPlatforms) = preSolution
		Debug|Any CPU = Debug|Any CPU
		Release|Any CPU = Release|Any CPU
	EndGlobalSection
	GlobalSection(ProjectConfigurationPlatforms) = postSolution
		{315F97D8-41B5-4D65-8EFA-FD2246117B15}.Debug|Any CPU.ActiveCfg = Debug|Any CPU
		{315F97D8-41B5-4D65-8EFA-FD2246117B15}.Debug|Any CPU.Build.0 = Debug|Any CPU
		{315F97D8-41B5-4D65-8EFA-FD2246117B15}.Release|Any CPU.ActiveCfg = Release|Any CPU
		{315F97D8-41B5-4D65-8EFA-FD2246117B15}.Release|Any CPU.Build.0 = Release|Any CPU
		{E5BB1879-E2CC-4D7C-8A5F-2445B052F8C3}.Debug|Any CPU.ActiveCfg = Debug|Any CPU
		{E5BB1879-E2CC-4D7C-8A5F-2445B052F8C3}.Debug|Any CPU.Build.0 = Debug|Any CPU
		{E5BB1879-E2CC-4D7C-8A5F-2445B052F8C3}.Release|Any CPU.ActiveCfg = Release|Any CPU
		{E5BB1879-E2CC-4D7C-8A5F-2445B052F8C3}.Release|Any CPU.Build.0 = Release|Any CPU
	EndGlobalSection
EndGlobal
